
Microsoft Visual Studio Solution File, Format Version 12.00
# Visual Studio 15
VisualStudioVersion = 15.0.26124.0
MinimumVisualStudioVersion = 15.0.26124.0
Project("{FAE04EC0-301F-11D3-BF4B-00C04F79EFBC}") = "Domain", "Domain\Domain.csproj", "{BFA35C02-FE5E-41A1-AF05-8E536B575093}"
EndProject
Project("{FAE04EC0-301F-11D3-BF4B-00C04F79EFBC}") = "Application", "Application\Application.csproj", "{6D1CF759-7350-4147-826E-DD9752508406}"
EndProject
Project("{FAE04EC0-301F-11D3-BF4B-00C04F79EFBC}") = "Persistence", "Persistence\Persistence.csproj", "{8D0E3364-D135-45E8-9F19-1C45D4D1F635}"
EndProject
Project("{FAE04EC0-301F-11D3-BF4B-00C04F79EFBC}") = "Api", "Api\Api.csproj", "{946F801A-6F11-4925-95BB-70B0A721851C}"
EndProject
Global
	GlobalSection(SolutionConfigurationPlatforms) = preSolution
		Debug|Any CPU = Debug|Any CPU
		Debug|x64 = Debug|x64
		Debug|x86 = Debug|x86
		Release|Any CPU = Release|Any CPU
		Release|x64 = Release|x64
		Release|x86 = Release|x86
	EndGlobalSection
	GlobalSection(SolutionProperties) = preSolution
		HideSolutionNode = FALSE
	EndGlobalSection
	GlobalSection(ProjectConfigurationPlatforms) = postSolution
		{BFA35C02-FE5E-41A1-AF05-8E536B575093}.Debug|Any CPU.ActiveCfg = Debug|Any CPU
		{BFA35C02-FE5E-41A1-AF05-8E536B575093}.Debug|Any CPU.Build.0 = Debug|Any CPU
		{BFA35C02-FE5E-41A1-AF05-8E536B575093}.Debug|x64.ActiveCfg = Debug|Any CPU
		{BFA35C02-FE5E-41A1-AF05-8E536B575093}.Debug|x64.Build.0 = Debug|Any CPU
		{BFA35C02-FE5E-41A1-AF05-8E536B575093}.Debug|x86.ActiveCfg = Debug|Any CPU
		{BFA35C02-FE5E-41A1-AF05-8E536B575093}.Debug|x86.Build.0 = Debug|Any CPU
		{BFA35C02-FE5E-41A1-AF05-8E536B575093}.Release|Any CPU.ActiveCfg = Release|Any CPU
		{BFA35C02-FE5E-41A1-AF05-8E536B575093}.Release|Any CPU.Build.0 = Release|Any CPU
		{BFA35C02-FE5E-41A1-AF05-8E536B575093}.Release|x64.ActiveCfg = Release|Any CPU
		{BFA35C02-FE5E-41A1-AF05-8E536B575093}.Release|x64.Build.0 = Release|Any CPU
		{BFA35C02-FE5E-41A1-AF05-8E536B575093}.Release|x86.ActiveCfg = Release|Any CPU
		{BFA35C02-FE5E-41A1-AF05-8E536B575093}.Release|x86.Build.0 = Release|Any CPU
		{6D1CF759-7350-4147-826E-DD9752508406}.Debug|Any CPU.ActiveCfg = Debug|Any CPU
		{6D1CF759-7350-4147-826E-DD9752508406}.Debug|Any CPU.Build.0 = Debug|Any CPU
		{6D1CF759-7350-4147-826E-DD9752508406}.Debug|x64.ActiveCfg = Debug|Any CPU
		{6D1CF759-7350-4147-826E-DD9752508406}.Debug|x64.Build.0 = Debug|Any CPU
		{6D1CF759-7350-4147-826E-DD9752508406}.Debug|x86.ActiveCfg = Debug|Any CPU
		{6D1CF759-7350-4147-826E-DD9752508406}.Debug|x86.Build.0 = Debug|Any CPU
		{6D1CF759-7350-4147-826E-DD9752508406}.Release|Any CPU.ActiveCfg = Release|Any CPU
		{6D1CF759-7350-4147-826E-DD9752508406}.Release|Any CPU.Build.0 = Release|Any CPU
		{6D1CF759-7350-4147-826E-DD9752508406}.Release|x64.ActiveCfg = Release|Any CPU
		{6D1CF759-7350-4147-826E-DD9752508406}.Release|x64.Build.0 = Release|Any CPU
		{6D1CF759-7350-4147-826E-DD9752508406}.Release|x86.ActiveCfg = Release|Any CPU
		{6D1CF759-7350-4147-826E-DD9752508406}.Release|x86.Build.0 = Release|Any CPU
		{8D0E3364-D135-45E8-9F19-1C45D4D1F635}.Debug|Any CPU.ActiveCfg = Debug|Any CPU
		{8D0E3364-D135-45E8-9F19-1C45D4D1F635}.Debug|Any CPU.Build.0 = Debug|Any CPU
		{8D0E3364-D135-45E8-9F19-1C45D4D1F635}.Debug|x64.ActiveCfg = Debug|Any CPU
		{8D0E3364-D135-45E8-9F19-1C45D4D1F635}.Debug|x64.Build.0 = Debug|Any CPU
		{8D0E3364-D135-45E8-9F19-1C45D4D1F635}.Debug|x86.ActiveCfg = Debug|Any CPU
		{8D0E3364-D135-45E8-9F19-1C45D4D1F635}.Debug|x86.Build.0 = Debug|Any CPU
		{8D0E3364-D135-45E8-9F19-1C45D4D1F635}.Release|Any CPU.ActiveCfg = Release|Any CPU
		{8D0E3364-D135-45E8-9F19-1C45D4D1F635}.Release|Any CPU.Build.0 = Release|Any CPU
		{8D0E3364-D135-45E8-9F19-1C45D4D1F635}.Release|x64.ActiveCfg = Release|Any CPU
		{8D0E3364-D135-45E8-9F19-1C45D4D1F635}.Release|x64.Build.0 = Release|Any CPU
		{8D0E3364-D135-45E8-9F19-1C45D4D1F635}.Release|x86.ActiveCfg = Release|Any CPU
		{8D0E3364-D135-45E8-9F19-1C45D4D1F635}.Release|x86.Build.0 = Release|Any CPU
		{946F801A-6F11-4925-95BB-70B0A721851C}.Debug|Any CPU.ActiveCfg = Debug|Any CPU
		{946F801A-6F11-4925-95BB-70B0A721851C}.Debug|Any CPU.Build.0 = Debug|Any CPU
		{946F801A-6F11-4925-95BB-70B0A721851C}.Debug|x64.ActiveCfg = Debug|Any CPU
		{946F801A-6F11-4925-95BB-70B0A721851C}.Debug|x64.Build.0 = Debug|Any CPU
		{946F801A-6F11-4925-95BB-70B0A721851C}.Debug|x86.ActiveCfg = Debug|Any CPU
		{946F801A-6F11-4925-95BB-70B0A721851C}.Debug|x86.Build.0 = Debug|Any CPU
		{946F801A-6F11-4925-95BB-70B0A721851C}.Release|Any CPU.ActiveCfg = Release|Any CPU
		{946F801A-6F11-4925-95BB-70B0A721851C}.Release|Any CPU.Build.0 = Release|Any CPU
		{946F801A-6F11-4925-95BB-70B0A721851C}.Release|x64.ActiveCfg = Release|Any CPU
		{946F801A-6F11-4925-95BB-70B0A721851C}.Release|x64.Build.0 = Release|Any CPU
		{946F801A-6F11-4925-95BB-70B0A721851C}.Release|x86.ActiveCfg = Release|Any CPU
		{946F801A-6F11-4925-95BB-70B0A721851C}.Release|x86.Build.0 = Release|Any CPU
	EndGlobalSection
EndGlobal
